
Microsoft Visual Studio Solution File, Format Version 12.00
# Visual Studio Version 17
VisualStudioVersion = 17.0.31912.275
MinimumVisualStudioVersion = 10.0.40219.1
Project("{9A19103F-16F7-4668-BE54-9A1E7A4F7556}") = "HappyTravel.Komoro.Api", "HappyTravel.Komoro.Api\HappyTravel.Komoro.Api.csproj", "{0EEBFF2E-BD47-4DA6-BDC4-057EA1475B3B}"
	ProjectSection(ProjectDependencies) = postProject
		{807E2A78-CC1D-4508-92F5-1219F0D55A0E} = {807E2A78-CC1D-4508-92F5-1219F0D55A0E}
		{A0C0979D-832C-471F-A904-09B1AC7C08E7} = {A0C0979D-832C-471F-A904-09B1AC7C08E7}
		{CDA056DD-AF9C-4EFD-8D2B-917A5CB760C3} = {CDA056DD-AF9C-4EFD-8D2B-917A5CB760C3}
	EndProjectSection
EndProject
Project("{9A19103F-16F7-4668-BE54-9A1E7A4F7556}") = "HappyTravel.Komoro.Data", "HappyTravel.Komoro.Data\HappyTravel.Komoro.Data.csproj", "{807E2A78-CC1D-4508-92F5-1219F0D55A0E}"
	ProjectSection(ProjectDependencies) = postProject
		{9292F7C7-21F9-44A7-B6D6-E24F5CCC7831} = {9292F7C7-21F9-44A7-B6D6-E24F5CCC7831}
	EndProjectSection
EndProject
Project("{9A19103F-16F7-4668-BE54-9A1E7A4F7556}") = "HappyTravel.Komoro.UnitTests", "HappyTravel.Komoro.UnitTests\HappyTravel.Komoro.UnitTests.csproj", "{47814FD7-137D-4EC7-8256-FA944E9AB03F}"
	ProjectSection(ProjectDependencies) = postProject
		{A0C0979D-832C-471F-A904-09B1AC7C08E7} = {A0C0979D-832C-471F-A904-09B1AC7C08E7}
	EndProjectSection
EndProject
Project("{9A19103F-16F7-4668-BE54-9A1E7A4F7556}") = "HappyTravel.Komoro.TravelLineChannelManager", "HappyTravel.Komoro.TravelLineChannelManager\HappyTravel.Komoro.TravelLineChannelManager.csproj", "{CDA056DD-AF9C-4EFD-8D2B-917A5CB760C3}"
	ProjectSection(ProjectDependencies) = postProject
		{9292F7C7-21F9-44A7-B6D6-E24F5CCC7831} = {9292F7C7-21F9-44A7-B6D6-E24F5CCC7831}
	EndProjectSection
EndProject
Project("{9A19103F-16F7-4668-BE54-9A1E7A4F7556}") = "HappyTravel.Komoro.TravelClickChannelManager", "HappyTravel.Komoro.TravelClickChannelManager\HappyTravel.Komoro.TravelClickChannelManager.csproj", "{A0C0979D-832C-471F-A904-09B1AC7C08E7}"
	ProjectSection(ProjectDependencies) = postProject
		{9292F7C7-21F9-44A7-B6D6-E24F5CCC7831} = {9292F7C7-21F9-44A7-B6D6-E24F5CCC7831}
	EndProjectSection
EndProject
Project("{9A19103F-16F7-4668-BE54-9A1E7A4F7556}") = "HappyTravel.Komoro.Common", "HappyTravel.Komoro.Common\HappyTravel.Komoro.Common.csproj", "{9292F7C7-21F9-44A7-B6D6-E24F5CCC7831}"
EndProject
Global
	GlobalSection(SolutionConfigurationPlatforms) = preSolution
		Debug|Any CPU = Debug|Any CPU
		Release|Any CPU = Release|Any CPU
	EndGlobalSection
	GlobalSection(ProjectConfigurationPlatforms) = postSolution
		{0EEBFF2E-BD47-4DA6-BDC4-057EA1475B3B}.Debug|Any CPU.ActiveCfg = Debug|Any CPU
		{0EEBFF2E-BD47-4DA6-BDC4-057EA1475B3B}.Debug|Any CPU.Build.0 = Debug|Any CPU
		{0EEBFF2E-BD47-4DA6-BDC4-057EA1475B3B}.Release|Any CPU.ActiveCfg = Release|Any CPU
		{0EEBFF2E-BD47-4DA6-BDC4-057EA1475B3B}.Release|Any CPU.Build.0 = Release|Any CPU
		{807E2A78-CC1D-4508-92F5-1219F0D55A0E}.Debug|Any CPU.ActiveCfg = Debug|Any CPU
		{807E2A78-CC1D-4508-92F5-1219F0D55A0E}.Debug|Any CPU.Build.0 = Debug|Any CPU
		{807E2A78-CC1D-4508-92F5-1219F0D55A0E}.Release|Any CPU.ActiveCfg = Release|Any CPU
		{807E2A78-CC1D-4508-92F5-1219F0D55A0E}.Release|Any CPU.Build.0 = Release|Any CPU
		{47814FD7-137D-4EC7-8256-FA944E9AB03F}.Debug|Any CPU.ActiveCfg = Debug|Any CPU
		{47814FD7-137D-4EC7-8256-FA944E9AB03F}.Debug|Any CPU.Build.0 = Debug|Any CPU
		{47814FD7-137D-4EC7-8256-FA944E9AB03F}.Release|Any CPU.ActiveCfg = Release|Any CPU
		{47814FD7-137D-4EC7-8256-FA944E9AB03F}.Release|Any CPU.Build.0 = Release|Any CPU
		{CDA056DD-AF9C-4EFD-8D2B-917A5CB760C3}.Debug|Any CPU.ActiveCfg = Debug|Any CPU
		{CDA056DD-AF9C-4EFD-8D2B-917A5CB760C3}.Debug|Any CPU.Build.0 = Debug|Any CPU
		{CDA056DD-AF9C-4EFD-8D2B-917A5CB760C3}.Release|Any CPU.ActiveCfg = Release|Any CPU
		{CDA056DD-AF9C-4EFD-8D2B-917A5CB760C3}.Release|Any CPU.Build.0 = Release|Any CPU
		{A0C0979D-832C-471F-A904-09B1AC7C08E7}.Debug|Any CPU.ActiveCfg = Debug|Any CPU
		{A0C0979D-832C-471F-A904-09B1AC7C08E7}.Debug|Any CPU.Build.0 = Debug|Any CPU
		{A0C0979D-832C-471F-A904-09B1AC7C08E7}.Release|Any CPU.ActiveCfg = Release|Any CPU
		{A0C0979D-832C-471F-A904-09B1AC7C08E7}.Release|Any CPU.Build.0 = Release|Any CPU
		{9292F7C7-21F9-44A7-B6D6-E24F5CCC7831}.Debug|Any CPU.ActiveCfg = Debug|Any CPU
		{9292F7C7-21F9-44A7-B6D6-E24F5CCC7831}.Debug|Any CPU.Build.0 = Debug|Any CPU
		{9292F7C7-21F9-44A7-B6D6-E24F5CCC7831}.Release|Any CPU.ActiveCfg = Release|Any CPU
		{9292F7C7-21F9-44A7-B6D6-E24F5CCC7831}.Release|Any CPU.Build.0 = Release|Any CPU
	EndGlobalSection
	GlobalSection(SolutionProperties) = preSolution
		HideSolutionNode = FALSE
	EndGlobalSection
	GlobalSection(ExtensibilityGlobals) = postSolution
		SolutionGuid = {1D3DF6D8-C399-4B58-86E3-35B846A88BC1}
	EndGlobalSection
EndGlobal
